// !$*UTF8*$!
{
	archiveVersion = 1;
	classes = {
	};
	objectVersion = 46;
	objects = {

/* Begin PBXBuildFile section */
		8929B9B51AA484F300386ABA /* main.m in Sources */ = {isa = PBXBuildFile; fileRef = 8929B9B41AA484F300386ABA /* main.m */; };
		8929B9B81AA484F300386ABA /* AppDelegate.m in Sources */ = {isa = PBXBuildFile; fileRef = 8929B9B71AA484F300386ABA /* AppDelegate.m */; };
		8929B9BB1AA484F300386ABA /* MasterViewController.m in Sources */ = {isa = PBXBuildFile; fileRef = 8929B9BA1AA484F300386ABA /* MasterViewController.m */; };
		8929B9BE1AA484F300386ABA /* DetailViewController.m in Sources */ = {isa = PBXBuildFile; fileRef = 8929B9BD1AA484F300386ABA /* DetailViewController.m */; };
		8929B9C11AA484F300386ABA /* Main.storyboard in Resources */ = {isa = PBXBuildFile; fileRef = 8929B9BF1AA484F300386ABA /* Main.storyboard */; };
		8929B9C31AA484F300386ABA /* Images.xcassets in Resources */ = {isa = PBXBuildFile; fileRef = 8929B9C21AA484F300386ABA /* Images.xcassets */; };
		8929B9C61AA484F300386ABA /* LaunchScreen.xib in Resources */ = {isa = PBXBuildFile; fileRef = 8929B9C41AA484F300386ABA /* LaunchScreen.xib */; };
		8929B9D21AA484F300386ABA /* TestGradleTests.m in Sources */ = {isa = PBXBuildFile; fileRef = 8929B9D11AA484F300386ABA /* TestGradleTests.m */; };
/* End PBXBuildFile section */

/* Begin PBXContainerItemProxy section */
		8929B9CC1AA484F300386ABA /* PBXContainerItemProxy */ = {
			isa = PBXContainerItemProxy;
			containerPortal = 8929B9A71AA484F300386ABA /* Project object */;
			proxyType = 1;
			remoteGlobalIDString = 8929B9AE1AA484F300386ABA;
			remoteInfo = TestGradle;
		};
/* End PBXContainerItemProxy section */

/* Begin PBXFileReference section */
		8929B9AF1AA484F300386ABA /* TestGradle.app */ = {isa = PBXFileReference; explicitFileType = wrapper.application; includeInIndex = 0; path = TestGradle.app; sourceTree = BUILT_PRODUCTS_DIR; };
		8929B9B31AA484F300386ABA /* Info.plist */ = {isa = PBXFileReference; lastKnownFileType = text.plist.xml; path = Info.plist; sourceTree = "<group>"; };
		8929B9B41AA484F300386ABA /* main.m */ = {isa = PBXFileReference; lastKnownFileType = sourcecode.c.objc; path = main.m; sourceTree = "<group>"; };
		8929B9B61AA484F300386ABA /* AppDelegate.h */ = {isa = PBXFileReference; lastKnownFileType = sourcecode.c.h; path = AppDelegate.h; sourceTree = "<group>"; };
		8929B9B71AA484F300386ABA /* AppDelegate.m */ = {isa = PBXFileReference; lastKnownFileType = sourcecode.c.objc; path = AppDelegate.m; sourceTree = "<group>"; };
		8929B9B91AA484F300386ABA /* MasterViewController.h */ = {isa = PBXFileReference; lastKnownFileType = sourcecode.c.h; path = MasterViewController.h; sourceTree = "<group>"; };
		8929B9BA1AA484F300386ABA /* MasterViewController.m */ = {isa = PBXFileReference; lastKnownFileType = sourcecode.c.objc; path = MasterViewController.m; sourceTree = "<group>"; };
		8929B9BC1AA484F300386ABA /* DetailViewController.h */ = {isa = PBXFileReference; lastKnownFileType = sourcecode.c.h; path = DetailViewController.h; sourceTree = "<group>"; };
		8929B9BD1AA484F300386ABA /* DetailViewController.m */ = {isa = PBXFileReference; lastKnownFileType = sourcecode.c.objc; path = DetailViewController.m; sourceTree = "<group>"; };
		8929B9C01AA484F300386ABA /* Base */ = {isa = PBXFileReference; lastKnownFileType = file.storyboard; name = Base; path = Base.lproj/Main.storyboard; sourceTree = "<group>"; };
		8929B9C21AA484F300386ABA /* Images.xcassets */ = {isa = PBXFileReference; lastKnownFileType = folder.assetcatalog; path = Images.xcassets; sourceTree = "<group>"; };
		8929B9C51AA484F300386ABA /* Base */ = {isa = PBXFileReference; lastKnownFileType = file.xib; name = Base; path = Base.lproj/LaunchScreen.xib; sourceTree = "<group>"; };
		8929B9CB1AA484F300386ABA /* TestGradleTests.xctest */ = {isa = PBXFileReference; explicitFileType = wrapper.cfbundle; includeInIndex = 0; path = TestGradleTests.xctest; sourceTree = BUILT_PRODUCTS_DIR; };
		8929B9D01AA484F300386ABA /* Info.plist */ = {isa = PBXFileReference; lastKnownFileType = text.plist.xml; path = Info.plist; sourceTree = "<group>"; };
		8929B9D11AA484F300386ABA /* TestGradleTests.m */ = {isa = PBXFileReference; lastKnownFileType = sourcecode.c.objc; path = TestGradleTests.m; sourceTree = "<group>"; };
/* End PBXFileReference section */

/* Begin PBXFrameworksBuildPhase section */
		8929B9AC1AA484F300386ABA /* Frameworks */ = {
			isa = PBXFrameworksBuildPhase;
			buildActionMask = 2147483647;
			files = (
			);
			runOnlyForDeploymentPostprocessing = 0;
		};
		8929B9C81AA484F300386ABA /* Frameworks */ = {
			isa = PBXFrameworksBuildPhase;
			buildActionMask = 2147483647;
			files = (
			);
			runOnlyForDeploymentPostprocessing = 0;
		};
/* End PBXFrameworksBuildPhase section */

/* Begin PBXGroup section */
		8929B9A61AA484F300386ABA = {
			isa = PBXGroup;
			children = (
				8929B9B11AA484F300386ABA /* TestGradle */,
				8929B9CE1AA484F300386ABA /* TestGradleTests */,
				8929B9B01AA484F300386ABA /* Products */,
			);
			sourceTree = "<group>";
		};
		8929B9B01AA484F300386ABA /* Products */ = {
			isa = PBXGroup;
			children = (
				8929B9AF1AA484F300386ABA /* TestGradle.app */,
				8929B9CB1AA484F300386ABA /* TestGradleTests.xctest */,
			);
			name = Products;
			sourceTree = "<group>";
		};
		8929B9B11AA484F300386ABA /* TestGradle */ = {
			isa = PBXGroup;
			children = (
				8929B9B61AA484F300386ABA /* AppDelegate.h */,
				8929B9B71AA484F300386ABA /* AppDelegate.m */,
				8929B9B91AA484F300386ABA /* MasterViewController.h */,
				8929B9BA1AA484F300386ABA /* MasterViewController.m */,
				8929B9BC1AA484F300386ABA /* DetailViewController.h */,
				8929B9BD1AA484F300386ABA /* DetailViewController.m */,
				8929B9BF1AA484F300386ABA /* Main.storyboard */,
				8929B9C21AA484F300386ABA /* Images.xcassets */,
				8929B9C41AA484F300386ABA /* LaunchScreen.xib */,
				8929B9B21AA484F300386ABA /* Supporting Files */,
			);
			path = TestGradle;
			sourceTree = "<group>";
		};
		8929B9B21AA484F300386ABA /* Supporting Files */ = {
			isa = PBXGroup;
			children = (
				8929B9B31AA484F300386ABA /* Info.plist */,
				8929B9B41AA484F300386ABA /* main.m */,
			);
			name = "Supporting Files";
			sourceTree = "<group>";
		};
		8929B9CE1AA484F300386ABA /* TestGradleTests */ = {
			isa = PBXGroup;
			children = (
				8929B9D11AA484F300386ABA /* TestGradleTests.m */,
				8929B9CF1AA484F300386ABA /* Supporting Files */,
			);
			path = TestGradleTests;
			sourceTree = "<group>";
		};
		8929B9CF1AA484F300386ABA /* Supporting Files */ = {
			isa = PBXGroup;
			children = (
				8929B9D01AA484F300386ABA /* Info.plist */,
			);
			name = "Supporting Files";
			sourceTree = "<group>";
		};
/* End PBXGroup section */

/* Begin PBXNativeTarget section */
		8929B9AE1AA484F300386ABA /* TestGradle */ = {
			isa = PBXNativeTarget;
			buildConfigurationList = 8929B9D51AA484F300386ABA /* Build configuration list for PBXNativeTarget "TestGradle" */;
			buildPhases = (
				8929B9AB1AA484F300386ABA /* Sources */,
				8929B9AC1AA484F300386ABA /* Frameworks */,
				8929B9AD1AA484F300386ABA /* Resources */,
			);
			buildRules = (
			);
			dependencies = (
			);
			name = TestGradle;
			productName = TestGradle;
			productReference = 8929B9AF1AA484F300386ABA /* TestGradle.app */;
			productType = "com.apple.product-type.application";
		};
		8929B9CA1AA484F300386ABA /* TestGradleTests */ = {
			isa = PBXNativeTarget;
			buildConfigurationList = 8929B9D81AA484F300386ABA /* Build configuration list for PBXNativeTarget "TestGradleTests" */;
			buildPhases = (
				8929B9C71AA484F300386ABA /* Sources */,
				8929B9C81AA484F300386ABA /* Frameworks */,
				8929B9C91AA484F300386ABA /* Resources */,
			);
			buildRules = (
			);
			dependencies = (
				8929B9CD1AA484F300386ABA /* PBXTargetDependency */,
			);
			name = TestGradleTests;
			productName = TestGradleTests;
			productReference = 8929B9CB1AA484F300386ABA /* TestGradleTests.xctest */;
			productType = "com.apple.product-type.bundle.unit-test";
		};
/* End PBXNativeTarget section */

/* Begin PBXProject section */
		8929B9A71AA484F300386ABA /* Project object */ = {
			isa = PBXProject;
			attributes = {
				LastUpgradeCheck = 0610;
				ORGANIZATIONNAME = "Julio Rivas";
				TargetAttributes = {
					8929B9AE1AA484F300386ABA = {
						CreatedOnToolsVersion = 6.1.1;
					};
					8929B9CA1AA484F300386ABA = {
						CreatedOnToolsVersion = 6.1.1;
						TestTargetID = 8929B9AE1AA484F300386ABA;
					};
				};
			};
			buildConfigurationList = 8929B9AA1AA484F300386ABA /* Build configuration list for PBXProject "TestGradle" */;
			compatibilityVersion = "Xcode 3.2";
			developmentRegion = English;
			hasScannedForEncodings = 0;
			knownRegions = (
				en,
				Base,
			);
			mainGroup = 8929B9A61AA484F300386ABA;
			productRefGroup = 8929B9B01AA484F300386ABA /* Products */;
			projectDirPath = "";
			projectRoot = "";
			targets = (
				8929B9AE1AA484F300386ABA /* TestGradle */,
				8929B9CA1AA484F300386ABA /* TestGradleTests */,
			);
		};
/* End PBXProject section */

/* Begin PBXResourcesBuildPhase section */
		8929B9AD1AA484F300386ABA /* Resources */ = {
			isa = PBXResourcesBuildPhase;
			buildActionMask = 2147483647;
			files = (
				8929B9C11AA484F300386ABA /* Main.storyboard in Resources */,
				8929B9C61AA484F300386ABA /* LaunchScreen.xib in Resources */,
				8929B9C31AA484F300386ABA /* Images.xcassets in Resources */,
			);
			runOnlyForDeploymentPostprocessing = 0;
		};
		8929B9C91AA484F300386ABA /* Resources */ = {
			isa = PBXResourcesBuildPhase;
			buildActionMask = 2147483647;
			files = (
			);
			runOnlyForDeploymentPostprocessing = 0;
		};
/* End PBXResourcesBuildPhase section */

/* Begin PBXSourcesBuildPhase section */
		8929B9AB1AA484F300386ABA /* Sources */ = {
			isa = PBXSourcesBuildPhase;
			buildActionMask = 2147483647;
			files = (
				8929B9B81AA484F300386ABA /* AppDelegate.m in Sources */,
				8929B9BB1AA484F300386ABA /* MasterViewController.m in Sources */,
				8929B9B51AA484F300386ABA /* main.m in Sources */,
				8929B9BE1AA484F300386ABA /* DetailViewController.m in Sources */,
			);
			runOnlyForDeploymentPostprocessing = 0;
		};
		8929B9C71AA484F300386ABA /* Sources */ = {
			isa = PBXSourcesBuildPhase;
			buildActionMask = 2147483647;
			files = (
				8929B9D21AA484F300386ABA /* TestGradleTests.m in Sources */,
			);
			runOnlyForDeploymentPostprocessing = 0;
		};
/* End PBXSourcesBuildPhase section */

/* Begin PBXTargetDependency section */
		8929B9CD1AA484F300386ABA /* PBXTargetDependency */ = {
			isa = PBXTargetDependency;
			target = 8929B9AE1AA484F300386ABA /* TestGradle */;
			targetProxy = 8929B9CC1AA484F300386ABA /* PBXContainerItemProxy */;
		};
/* End PBXTargetDependency section */

/* Begin PBXVariantGroup section */
		8929B9BF1AA484F300386ABA /* Main.storyboard */ = {
			isa = PBXVariantGroup;
			children = (
				8929B9C01AA484F300386ABA /* Base */,
			);
			name = Main.storyboard;
			sourceTree = "<group>";
		};
		8929B9C41AA484F300386ABA /* LaunchScreen.xib */ = {
			isa = PBXVariantGroup;
			children = (
				8929B9C51AA484F300386ABA /* Base */,
			);
			name = LaunchScreen.xib;
			sourceTree = "<group>";
		};
/* End PBXVariantGroup section */

/* Begin XCBuildConfiguration section */
		8929B9D31AA484F300386ABA /* Debug */ = {
			isa = XCBuildConfiguration;
			buildSettings = {
				ALWAYS_SEARCH_USER_PATHS = NO;
				CLANG_CXX_LANGUAGE_STANDARD = "gnu++0x";
				CLANG_CXX_LIBRARY = "libc++";
				CLANG_ENABLE_MODULES = YES;
				CLANG_ENABLE_OBJC_ARC = YES;
				CLANG_WARN_BOOL_CONVERSION = YES;
				CLANG_WARN_CONSTANT_CONVERSION = YES;
				CLANG_WARN_DIRECT_OBJC_ISA_USAGE = YES_ERROR;
				CLANG_WARN_EMPTY_BODY = YES;
				CLANG_WARN_ENUM_CONVERSION = YES;
				CLANG_WARN_INT_CONVERSION = YES;
				CLANG_WARN_OBJC_ROOT_CLASS = YES_ERROR;
				CLANG_WARN_UNREACHABLE_CODE = YES;
				CLANG_WARN__DUPLICATE_METHOD_MATCH = YES;
				"CODE_SIGN_IDENTITY[sdk=iphoneos*]" = "iPhone Developer";
				COPY_PHASE_STRIP = NO;
				ENABLE_STRICT_OBJC_MSGSEND = YES;
				GCC_C_LANGUAGE_STANDARD = gnu99;
				GCC_DYNAMIC_NO_PIC = NO;
				GCC_OPTIMIZATION_LEVEL = 0;
				GCC_PREPROCESSOR_DEFINITIONS = (
					"DEBUG=1",
					"$(inherited)",
				);
				GCC_SYMBOLS_PRIVATE_EXTERN = NO;
				GCC_WARN_64_TO_32_BIT_CONVERSION = YES;
				GCC_WARN_ABOUT_RETURN_TYPE = YES_ERROR;
				GCC_WARN_UNDECLARED_SELECTOR = YES;
				GCC_WARN_UNINITIALIZED_AUTOS = YES_AGGRESSIVE;
				GCC_WARN_UNUSED_FUNCTION = YES;
				GCC_WARN_UNUSED_VARIABLE = YES;
				IPHONEOS_DEPLOYMENT_TARGET = 8.1;
				MTL_ENABLE_DEBUG_INFO = YES;
				ONLY_ACTIVE_ARCH = YES;
				SDKROOT = iphoneos;
				TARGETED_DEVICE_FAMILY = "1,2";
			};
			name = Debug;
		};
		8929B9D41AA484F300386ABA /* Release */ = {
			isa = XCBuildConfiguration;
			buildSettings = {
				ALWAYS_SEARCH_USER_PATHS = NO;
				CLANG_CXX_LANGUAGE_STANDARD = "gnu++0x";
				CLANG_CXX_LIBRARY = "libc++";
				CLANG_ENABLE_MODULES = YES;
				CLANG_ENABLE_OBJC_ARC = YES;
				CLANG_WARN_BOOL_CONVERSION = YES;
				CLANG_WARN_CONSTANT_CONVERSION = YES;
				CLANG_WARN_DIRECT_OBJC_ISA_USAGE = YES_ERROR;
				CLANG_WARN_EMPTY_BODY = YES;
				CLANG_WARN_ENUM_CONVERSION = YES;
				CLANG_WARN_INT_CONVERSION = YES;
				CLANG_WARN_OBJC_ROOT_CLASS = YES_ERROR;
				CLANG_WARN_UNREACHABLE_CODE = YES;
				CLANG_WARN__DUPLICATE_METHOD_MATCH = YES;
				"CODE_SIGN_IDENTITY[sdk=iphoneos*]" = "iPhone Developer";
				COPY_PHASE_STRIP = YES;
				ENABLE_NS_ASSERTIONS = NO;
				ENABLE_STRICT_OBJC_MSGSEND = YES;
				GCC_C_LANGUAGE_STANDARD = gnu99;
				GCC_WARN_64_TO_32_BIT_CONVERSION = YES;
				GCC_WARN_ABOUT_RETURN_TYPE = YES_ERROR;
				GCC_WARN_UNDECLARED_SELECTOR = YES;
				GCC_WARN_UNINITIALIZED_AUTOS = YES_AGGRESSIVE;
				GCC_WARN_UNUSED_FUNCTION = YES;
				GCC_WARN_UNUSED_VARIABLE = YES;
				IPHONEOS_DEPLOYMENT_TARGET = 8.1;
				MTL_ENABLE_DEBUG_INFO = NO;
				SDKROOT = iphoneos;
				TARGETED_DEVICE_FAMILY = "1,2";
				VALIDATE_PRODUCT = YES;
			};
			name = Release;
		};
		8929B9D61AA484F300386ABA /* Debug */ = {
			isa = XCBuildConfiguration;
			buildSettings = {
				ASSETCATALOG_COMPILER_APPICON_NAME = AppIcon;
				INFOPLIST_FILE = TestGradle/Info.plist;
				LD_RUNPATH_SEARCH_PATHS = "$(inherited) @executable_path/Frameworks";
				PRODUCT_NAME = "$(TARGET_NAME)";
			};
			name = Debug;
		};
		8929B9D71AA484F300386ABA /* Release */ = {
			isa = XCBuildConfiguration;
			buildSettings = {
				ASSETCATALOG_COMPILER_APPICON_NAME = AppIcon;
				INFOPLIST_FILE = TestGradle/Info.plist;
				LD_RUNPATH_SEARCH_PATHS = "$(inherited) @executable_path/Frameworks";
				PRODUCT_NAME = "$(TARGET_NAME)";
			};
			name = Release;
		};
		8929B9D91AA484F300386ABA /* Debug */ = {
			isa = XCBuildConfiguration;
			buildSettings = {
				BUNDLE_LOADER = "$(TEST_HOST)";
				FRAMEWORK_SEARCH_PATHS = (
					"$(SDKROOT)/Developer/Library/Frameworks",
					"$(inherited)",
				);
				GCC_PREPROCESSOR_DEFINITIONS = (
					"DEBUG=1",
					"$(inherited)",
				);
				INFOPLIST_FILE = TestGradleTests/Info.plist;
				LD_RUNPATH_SEARCH_PATHS = "$(inherited) @executable_path/Frameworks @loader_path/Frameworks";
				PRODUCT_NAME = "$(TARGET_NAME)";
				TEST_HOST = "$(BUILT_PRODUCTS_DIR)/TestGradle.app/TestGradle";
			};
			name = Debug;
		};
		8929B9DA1AA484F300386ABA /* Release */ = {
			isa = XCBuildConfiguration;
			buildSettings = {
				BUNDLE_LOADER = "$(TEST_HOST)";
				FRAMEWORK_SEARCH_PATHS = (
					"$(SDKROOT)/Developer/Library/Frameworks",
					"$(inherited)",
				);
				INFOPLIST_FILE = TestGradleTests/Info.plist;
				LD_RUNPATH_SEARCH_PATHS = "$(inherited) @executable_path/Frameworks @loader_path/Frameworks";
				PRODUCT_NAME = "$(TARGET_NAME)";
				TEST_HOST = "$(BUILT_PRODUCTS_DIR)/TestGradle.app/TestGradle";
			};
			name = Release;
		};
/* End XCBuildConfiguration section */

/* Begin XCConfigurationList section */
		8929B9AA1AA484F300386ABA /* Build configuration list for PBXProject "TestGradle" */ = {
			isa = XCConfigurationList;
			buildConfigurations = (
				8929B9D31AA484F300386ABA /* Debug */,
				8929B9D41AA484F300386ABA /* Release */,
			);
			defaultConfigurationIsVisible = 0;
			defaultConfigurationName = Release;
		};
		8929B9D51AA484F300386ABA /* Build configuration list for PBXNativeTarget "TestGradle" */ = {
			isa = XCConfigurationList;
			buildConfigurations = (
				8929B9D61AA484F300386ABA /* Debug */,
				8929B9D71AA484F300386ABA /* Release */,
			);
			defaultConfigurationIsVisible = 0;
		};
		8929B9D81AA484F300386ABA /* Build configuration list for PBXNativeTarget "TestGradleTests" */ = {
			isa = XCConfigurationList;
			buildConfigurations = (
				8929B9D91AA484F300386ABA /* Debug */,
				8929B9DA1AA484F300386ABA /* Release */,
			);
			defaultConfigurationIsVisible = 0;
		};
/* End XCConfigurationList section */
	};
	rootObject = 8929B9A71AA484F300386ABA /* Project object */;
}
